
Microsoft Visual Studio Solution File, Format Version 12.00
# Visual Studio Version 16
VisualStudioVersion = 16.0.33529.622
MinimumVisualStudioVersion = 10.0.40219.1
Project("{8BC9CEB8-8B4A-11D0-8D11-00A0C91BC942}") = "Enclavenew", "Enclavenew\Enclavenew.vcxproj", "{AA7604BF-96FC-4D1B-A233-EDEA7D181EBD}"
EndProject
Project("{8BC9CEB8-8B4A-11D0-8D11-00A0C91BC942}") = "clientskoe", "clientskoe\clientskoe.vcxproj", "{F65DF9F6-1DE8-40D2-95D0-E061556A35B5}"
EndProject
Global
	GlobalSection(SolutionConfigurationPlatforms) = preSolution
		CVE-2020-0551-CF-Prerelease|x64 = CVE-2020-0551-CF-Prerelease|x64
		CVE-2020-0551-CF-Prerelease|x86 = CVE-2020-0551-CF-Prerelease|x86
		CVE-2020-0551-CF-Release|x64 = CVE-2020-0551-CF-Release|x64
		CVE-2020-0551-CF-Release|x86 = CVE-2020-0551-CF-Release|x86
		CVE-2020-0551-Load-Prerelease|x64 = CVE-2020-0551-Load-Prerelease|x64
		CVE-2020-0551-Load-Prerelease|x86 = CVE-2020-0551-Load-Prerelease|x86
		CVE-2020-0551-Load-Release|x64 = CVE-2020-0551-Load-Release|x64
		CVE-2020-0551-Load-Release|x86 = CVE-2020-0551-Load-Release|x86
		Debug|x64 = Debug|x64
		Debug|x86 = Debug|x86
		Prerelease|x64 = Prerelease|x64
		Prerelease|x86 = Prerelease|x86
		Release|x64 = Release|x64
		Release|x86 = Release|x86
		Simulation|x64 = Simulation|x64
		Simulation|x86 = Simulation|x86
	EndGlobalSection
	GlobalSection(ProjectConfigurationPlatforms) = postSolution
		{AA7604BF-96FC-4D1B-A233-EDEA7D181EBD}.CVE-2020-0551-CF-Prerelease|x64.ActiveCfg = CVE-2020-0551-CF-Prerelease|x64
		{AA7604BF-96FC-4D1B-A233-EDEA7D181EBD}.CVE-2020-0551-CF-Prerelease|x64.Build.0 = CVE-2020-0551-CF-Prerelease|x64
		{AA7604BF-96FC-4D1B-A233-EDEA7D181EBD}.CVE-2020-0551-CF-Prerelease|x86.ActiveCfg = CVE-2020-0551-CF-Prerelease|x64
		{AA7604BF-96FC-4D1B-A233-EDEA7D181EBD}.CVE-2020-0551-CF-Release|x64.ActiveCfg = CVE-2020-0551-CF-Release|x64
		{AA7604BF-96FC-4D1B-A233-EDEA7D181EBD}.CVE-2020-0551-CF-Release|x64.Build.0 = CVE-2020-0551-CF-Release|x64
		{AA7604BF-96FC-4D1B-A233-EDEA7D181EBD}.CVE-2020-0551-CF-Release|x86.ActiveCfg = CVE-2020-0551-CF-Release|x64
		{AA7604BF-96FC-4D1B-A233-EDEA7D181EBD}.CVE-2020-0551-Load-Prerelease|x64.ActiveCfg = CVE-2020-0551-Load-Prerelease|x64
		{AA7604BF-96FC-4D1B-A233-EDEA7D181EBD}.CVE-2020-0551-Load-Prerelease|x64.Build.0 = CVE-2020-0551-Load-Prerelease|x64
		{AA7604BF-96FC-4D1B-A233-EDEA7D181EBD}.CVE-2020-0551-Load-Prerelease|x86.ActiveCfg = CVE-2020-0551-Load-Prerelease|x64
		{AA7604BF-96FC-4D1B-A233-EDEA7D181EBD}.CVE-2020-0551-Load-Release|x64.ActiveCfg = CVE-2020-0551-Load-Release|x64
		{AA7604BF-96FC-4D1B-A233-EDEA7D181EBD}.CVE-2020-0551-Load-Release|x64.Build.0 = CVE-2020-0551-Load-Release|x64
		{AA7604BF-96FC-4D1B-A233-EDEA7D181EBD}.CVE-2020-0551-Load-Release|x86.ActiveCfg = CVE-2020-0551-Load-Release|x64
		{AA7604BF-96FC-4D1B-A233-EDEA7D181EBD}.Debug|x64.ActiveCfg = Simulation|x64
		{AA7604BF-96FC-4D1B-A233-EDEA7D181EBD}.Debug|x64.Build.0 = Simulation|x64
		{AA7604BF-96FC-4D1B-A233-EDEA7D181EBD}.Debug|x86.ActiveCfg = Debug|Win32
		{AA7604BF-96FC-4D1B-A233-EDEA7D181EBD}.Debug|x86.Build.0 = Debug|Win32
		{AA7604BF-96FC-4D1B-A233-EDEA7D181EBD}.Prerelease|x64.ActiveCfg = Prerelease|x64
		{AA7604BF-96FC-4D1B-A233-EDEA7D181EBD}.Prerelease|x64.Build.0 = Prerelease|x64
		{AA7604BF-96FC-4D1B-A233-EDEA7D181EBD}.Prerelease|x86.ActiveCfg = Prerelease|Win32
		{AA7604BF-96FC-4D1B-A233-EDEA7D181EBD}.Prerelease|x86.Build.0 = Prerelease|Win32
		{AA7604BF-96FC-4D1B-A233-EDEA7D181EBD}.Release|x64.ActiveCfg = Release|x64
		{AA7604BF-96FC-4D1B-A233-EDEA7D181EBD}.Release|x64.Build.0 = Release|x64
		{AA7604BF-96FC-4D1B-A233-EDEA7D181EBD}.Release|x86.ActiveCfg = Release|Win32
		{AA7604BF-96FC-4D1B-A233-EDEA7D181EBD}.Release|x86.Build.0 = Release|Win32
		{AA7604BF-96FC-4D1B-A233-EDEA7D181EBD}.Simulation|x64.ActiveCfg = Simulation|x64
		{AA7604BF-96FC-4D1B-A233-EDEA7D181EBD}.Simulation|x64.Build.0 = Simulation|x64
		{AA7604BF-96FC-4D1B-A233-EDEA7D181EBD}.Simulation|x86.ActiveCfg = Simulation|Win32
		{AA7604BF-96FC-4D1B-A233-EDEA7D181EBD}.Simulation|x86.Build.0 = Simulation|Win32
		{F65DF9F6-1DE8-40D2-95D0-E061556A35B5}.CVE-2020-0551-CF-Prerelease|x64.ActiveCfg = Debug|x64
		{F65DF9F6-1DE8-40D2-95D0-E061556A35B5}.CVE-2020-0551-CF-Prerelease|x64.Build.0 = Debug|x64
		{F65DF9F6-1DE8-40D2-95D0-E061556A35B5}.CVE-2020-0551-CF-Prerelease|x86.ActiveCfg = Debug|Win32
		{F65DF9F6-1DE8-40D2-95D0-E061556A35B5}.CVE-2020-0551-CF-Prerelease|x86.Build.0 = Debug|Win32
		{F65DF9F6-1DE8-40D2-95D0-E061556A35B5}.CVE-2020-0551-CF-Release|x64.ActiveCfg = Release|x64
		{F65DF9F6-1DE8-40D2-95D0-E061556A35B5}.CVE-2020-0551-CF-Release|x64.Build.0 = Release|x64
		{F65DF9F6-1DE8-40D2-95D0-E061556A35B5}.CVE-2020-0551-CF-Release|x86.ActiveCfg = Release|Win32
		{F65DF9F6-1DE8-40D2-95D0-E061556A35B5}.CVE-2020-0551-CF-Release|x86.Build.0 = Release|Win32
		{F65DF9F6-1DE8-40D2-95D0-E061556A35B5}.CVE-2020-0551-Load-Prerelease|x64.ActiveCfg = Debug|x64
		{F65DF9F6-1DE8-40D2-95D0-E061556A35B5}.CVE-2020-0551-Load-Prerelease|x64.Build.0 = Debug|x64
		{F65DF9F6-1DE8-40D2-95D0-E061556A35B5}.CVE-2020-0551-Load-Prerelease|x86.ActiveCfg = Debug|Win32
		{F65DF9F6-1DE8-40D2-95D0-E061556A35B5}.CVE-2020-0551-Load-Prerelease|x86.Build.0 = Debug|Win32
		{F65DF9F6-1DE8-40D2-95D0-E061556A35B5}.CVE-2020-0551-Load-Release|x64.ActiveCfg = Release|x64
		{F65DF9F6-1DE8-40D2-95D0-E061556A35B5}.CVE-2020-0551-Load-Release|x64.Build.0 = Release|x64
		{F65DF9F6-1DE8-40D2-95D0-E061556A35B5}.CVE-2020-0551-Load-Release|x86.ActiveCfg = Release|Win32
		{F65DF9F6-1DE8-40D2-95D0-E061556A35B5}.CVE-2020-0551-Load-Release|x86.Build.0 = Release|Win32
		{F65DF9F6-1DE8-40D2-95D0-E061556A35B5}.Debug|x64.ActiveCfg = Simulation|x64
		{F65DF9F6-1DE8-40D2-95D0-E061556A35B5}.Debug|x64.Build.0 = Simulation|x64
		{F65DF9F6-1DE8-40D2-95D0-E061556A35B5}.Debug|x86.ActiveCfg = Debug|Win32
		{F65DF9F6-1DE8-40D2-95D0-E061556A35B5}.Debug|x86.Build.0 = Debug|Win32
		{F65DF9F6-1DE8-40D2-95D0-E061556A35B5}.Prerelease|x64.ActiveCfg = Debug|x64
		{F65DF9F6-1DE8-40D2-95D0-E061556A35B5}.Prerelease|x64.Build.0 = Debug|x64
		{F65DF9F6-1DE8-40D2-95D0-E061556A35B5}.Prerelease|x86.ActiveCfg = Debug|Win32
		{F65DF9F6-1DE8-40D2-95D0-E061556A35B5}.Prerelease|x86.Build.0 = Debug|Win32
		{F65DF9F6-1DE8-40D2-95D0-E061556A35B5}.Release|x64.ActiveCfg = Release|x64
		{F65DF9F6-1DE8-40D2-95D0-E061556A35B5}.Release|x64.Build.0 = Release|x64
		{F65DF9F6-1DE8-40D2-95D0-E061556A35B5}.Release|x86.ActiveCfg = Release|Win32
		{F65DF9F6-1DE8-40D2-95D0-E061556A35B5}.Release|x86.Build.0 = Release|Win32
		{F65DF9F6-1DE8-40D2-95D0-E061556A35B5}.Simulation|x64.ActiveCfg = Simulation|x64
		{F65DF9F6-1DE8-40D2-95D0-E061556A35B5}.Simulation|x64.Build.0 = Simulation|x64
		{F65DF9F6-1DE8-40D2-95D0-E061556A35B5}.Simulation|x86.ActiveCfg = Debug|Win32
		{F65DF9F6-1DE8-40D2-95D0-E061556A35B5}.Simulation|x86.Build.0 = Debug|Win32
	EndGlobalSection
	GlobalSection(SolutionProperties) = preSolution
		HideSolutionNode = FALSE
	EndGlobalSection
	GlobalSection(ExtensibilityGlobals) = postSolution
		SolutionGuid = {7D0A2ED4-32F6-4F09-89C5-2F443E4B31FB}
	EndGlobalSection
EndGlobal
